
Microsoft Visual Studio Solution File, Format Version 12.00
# Visual Studio Version 17
VisualStudioVersion = 17.10.34928.147
MinimumVisualStudioVersion = 10.0.40219.1
Project("{2150E333-8FDC-42A3-9474-1A3956D46DE8}") = "src", "src", "{534D74D5-B9DA-40A4-B827-5B9EAEF6999C}"
EndProject
Project("{2150E333-8FDC-42A3-9474-1A3956D46DE8}") = "tests", "tests", "{AC724F23-31DF-4835-90AA-C6D508C6623D}"
EndProject
Project("{FAE04EC0-301F-11D3-BF4B-00C04F79EFBC}") = "DigitalShelf.Api", "src\DigitalShelf.Api\DigitalShelf.Api.csproj", "{FFDE7C4A-FC1A-41D7-B58F-F9844348DE2F}"
EndProject
Project("{FAE04EC0-301F-11D3-BF4B-00C04F79EFBC}") = "DigitalShelf.Domain", "src\DigitalShelf.Domain\DigitalShelf.Domain.csproj", "{D54FDC84-92B8-4FA3-914C-5FB1496B0F83}"
EndProject
Project("{FAE04EC0-301F-11D3-BF4B-00C04F79EFBC}") = "DigitalShelf.Exception", "src\DigitalShelf.Exception\DigitalShelf.Exception.csproj", "{BD428042-A8A3-4EB2-920D-501922CC5EC2}"
EndProject
Project("{FAE04EC0-301F-11D3-BF4B-00C04F79EFBC}") = "DigitalShelf.Infrastructure", "src\DigitalShelf.Infrastructure\DigitalShelf.Infrastructure.csproj", "{5B038FB8-D58F-4271-BE76-AE08BAFEC395}"
EndProject
Project("{FAE04EC0-301F-11D3-BF4B-00C04F79EFBC}") = "DigitalShelf.Application", "src\DigitalShelf.Application\DigitalShelf.Application.csproj", "{F8BAE0BE-2549-45CC-8160-793D8C9B940B}"
EndProject
Project("{FAE04EC0-301F-11D3-BF4B-00C04F79EFBC}") = "DigitalShelf.Communication", "src\DigitalShelf.Communication\DigitalShelf.Communication.csproj", "{FCBEBAF2-28D8-47FC-8C36-F5592B3E7442}"
EndProject
Global
	GlobalSection(SolutionConfigurationPlatforms) = preSolution
		Debug|Any CPU = Debug|Any CPU
		Release|Any CPU = Release|Any CPU
	EndGlobalSection
	GlobalSection(ProjectConfigurationPlatforms) = postSolution
		{FFDE7C4A-FC1A-41D7-B58F-F9844348DE2F}.Debug|Any CPU.ActiveCfg = Debug|Any CPU
		{FFDE7C4A-FC1A-41D7-B58F-F9844348DE2F}.Debug|Any CPU.Build.0 = Debug|Any CPU
		{FFDE7C4A-FC1A-41D7-B58F-F9844348DE2F}.Release|Any CPU.ActiveCfg = Release|Any CPU
		{FFDE7C4A-FC1A-41D7-B58F-F9844348DE2F}.Release|Any CPU.Build.0 = Release|Any CPU
		{D54FDC84-92B8-4FA3-914C-5FB1496B0F83}.Debug|Any CPU.ActiveCfg = Debug|Any CPU
		{D54FDC84-92B8-4FA3-914C-5FB1496B0F83}.Debug|Any CPU.Build.0 = Debug|Any CPU
		{D54FDC84-92B8-4FA3-914C-5FB1496B0F83}.Release|Any CPU.ActiveCfg = Release|Any CPU
		{D54FDC84-92B8-4FA3-914C-5FB1496B0F83}.Release|Any CPU.Build.0 = Release|Any CPU
		{BD428042-A8A3-4EB2-920D-501922CC5EC2}.Debug|Any CPU.ActiveCfg = Debug|Any CPU
		{BD428042-A8A3-4EB2-920D-501922CC5EC2}.Debug|Any CPU.Build.0 = Debug|Any CPU
		{BD428042-A8A3-4EB2-920D-501922CC5EC2}.Release|Any CPU.ActiveCfg = Release|Any CPU
		{BD428042-A8A3-4EB2-920D-501922CC5EC2}.Release|Any CPU.Build.0 = Release|Any CPU
		{5B038FB8-D58F-4271-BE76-AE08BAFEC395}.Debug|Any CPU.ActiveCfg = Debug|Any CPU
		{5B038FB8-D58F-4271-BE76-AE08BAFEC395}.Debug|Any CPU.Build.0 = Debug|Any CPU
		{5B038FB8-D58F-4271-BE76-AE08BAFEC395}.Release|Any CPU.ActiveCfg = Release|Any CPU
		{5B038FB8-D58F-4271-BE76-AE08BAFEC395}.Release|Any CPU.Build.0 = Release|Any CPU
		{F8BAE0BE-2549-45CC-8160-793D8C9B940B}.Debug|Any CPU.ActiveCfg = Debug|Any CPU
		{F8BAE0BE-2549-45CC-8160-793D8C9B940B}.Debug|Any CPU.Build.0 = Debug|Any CPU
		{F8BAE0BE-2549-45CC-8160-793D8C9B940B}.Release|Any CPU.ActiveCfg = Release|Any CPU
		{F8BAE0BE-2549-45CC-8160-793D8C9B940B}.Release|Any CPU.Build.0 = Release|Any CPU
		{FCBEBAF2-28D8-47FC-8C36-F5592B3E7442}.Debug|Any CPU.ActiveCfg = Debug|Any CPU
		{FCBEBAF2-28D8-47FC-8C36-F5592B3E7442}.Debug|Any CPU.Build.0 = Debug|Any CPU
		{FCBEBAF2-28D8-47FC-8C36-F5592B3E7442}.Release|Any CPU.ActiveCfg = Release|Any CPU
		{FCBEBAF2-28D8-47FC-8C36-F5592B3E7442}.Release|Any CPU.Build.0 = Release|Any CPU
	EndGlobalSection
	GlobalSection(SolutionProperties) = preSolution
		HideSolutionNode = FALSE
	EndGlobalSection
	GlobalSection(NestedProjects) = preSolution
		{FFDE7C4A-FC1A-41D7-B58F-F9844348DE2F} = {534D74D5-B9DA-40A4-B827-5B9EAEF6999C}
		{D54FDC84-92B8-4FA3-914C-5FB1496B0F83} = {534D74D5-B9DA-40A4-B827-5B9EAEF6999C}
		{BD428042-A8A3-4EB2-920D-501922CC5EC2} = {534D74D5-B9DA-40A4-B827-5B9EAEF6999C}
		{5B038FB8-D58F-4271-BE76-AE08BAFEC395} = {534D74D5-B9DA-40A4-B827-5B9EAEF6999C}
		{F8BAE0BE-2549-45CC-8160-793D8C9B940B} = {534D74D5-B9DA-40A4-B827-5B9EAEF6999C}
		{FCBEBAF2-28D8-47FC-8C36-F5592B3E7442} = {534D74D5-B9DA-40A4-B827-5B9EAEF6999C}
	EndGlobalSection
	GlobalSection(ExtensibilityGlobals) = postSolution
		SolutionGuid = {2A584533-40AE-4B13-9046-0FFD25ADBDD4}
	EndGlobalSection
EndGlobal
